PODS:
  - app_settings (5.1.1):
    - Flutter
  - barcode_scan2 (0.0.1):
    - Flutter
    - MTBBarcodeScanner
    - SwiftProtobuf
  - connectivity_plus (0.0.1):
    - Flutter
    - ReachabilitySwift
  - Flutter (1.0.0)
  - image_picker_ios (0.0.1):
    - Flutter
  - MTBBarcodeScanner (5.0.11)
  - path_provider_foundation (0.0.1):
    - Flutter
    - FlutterMacOS
  - ReachabilitySwift (5.2.1)
  - shared_preferences_foundation (0.0.1):
    - Flutter
    - FlutterMacOS
  - sqflite (0.0.3):
    - Flutter
    - FlutterMacOS
  - SwiftProtobuf (1.26.0)
  - url_launcher_ios (0.0.1):
    - Flutter

DEPENDENCIES:
  - app_settings (from `.symlinks/plugins/app_settings/ios`)
  - barcode_scan2 (from `.symlinks/plugins/barcode_scan2/ios`)
  - connectivity_plus (from `.symlinks/plugins/connectivity_plus/ios`)
  - Flutter (from `Flutter`)
  - image_picker_ios (from `.symlinks/plugins/image_picker_ios/ios`)
  - path_provider_foundation (from `.symlinks/plugins/path_provider_foundation/darwin`)
  - shared_preferences_foundation (from `.symlinks/plugins/shared_preferences_foundation/darwin`)
  - sqflite (from `.symlinks/plugins/sqflite/darwin`)
  - url_launcher_ios (from `.symlinks/plugins/url_launcher_ios/ios`)

SPEC REPOS:
  trunk:
    - MTBBarcodeScanner
    - ReachabilitySwift
    - SwiftProtobuf

EXTERNAL SOURCES:
  app_settings:
    :path: ".symlinks/plugins/app_settings/ios"
  barcode_scan2:
    :path: ".symlinks/plugins/barcode_scan2/ios"
  connectivity_plus:
    :path: ".symlinks/plugins/connectivity_plus/ios"
  Flutter:
    :path: Flutter
  image_picker_ios:
    :path: ".symlinks/plugins/image_picker_ios/ios"
  path_provider_foundation:
    :path: ".symlinks/plugins/path_provider_foundation/darwin"
  shared_preferences_foundation:
    :path: ".symlinks/plugins/shared_preferences_foundation/darwin"
  sqflite:
    :path: ".symlinks/plugins/sqflite/darwin"
  url_launcher_ios:
    :path: ".symlinks/plugins/url_launcher_ios/ios"

SPEC CHECKSUMS:
  app_settings: 017320c6a680cdc94c799949d95b84cb69389ebc
  barcode_scan2: 0af2bb63c81b4565aab6cd78278e4c0fa136dbb0
  connectivity_plus: bf0076dd84a130856aa636df1c71ccaff908fa1d
  Flutter: e0871f40cf51350855a761d2e70bf5af5b9b5de7
  image_picker_ios: b545a5f16c0fa88e3ecbbce3ed4de45567a8ec18
  MTBBarcodeScanner: f453b33c4b7dfe545d8c6484ed744d55671788cb
  path_provider_foundation: 3784922295ac71e43754bd15e0653ccfd36a147c
  ReachabilitySwift: 5ae15e16814b5f9ef568963fb2c87aeb49158c66
  shared_preferences_foundation: b4c3b4cddf1c21f02770737f147a3f5da9d39695
  sqflite: 673a0e54cc04b7d6dba8d24fb8095b31c3a99eec
  SwiftProtobuf: 5e8349171e7c2f88f5b9e683cb3cb79d1dc780b3
  url_launcher_ios: 6116280ddcfe98ab8820085d8d76ae7449447586

PODFILE CHECKSUM: 819463e6a0290f5a72f145ba7cde16e8b6ef0796

COCOAPODS: 1.15.2
